
Microsoft Visual Studio Solution File, Format Version 12.00
# Visual Studio Version 16
VisualStudioVersion = 16.0.29613.14
MinimumVisualStudioVersion = 10.0.40219.1
Project("{FAE04EC0-301F-11D3-BF4B-00C04F79EFBC}") = "homework-theme-16", "homework-theme-16.csproj", "{3163FF96-CD7C-46DF-AE3E-DC04FE3A0A73}"
EndProject
Global
	GlobalSection(SolutionConfigurationPlatforms) = preSolution
		Debug|Any CPU = Debug|Any CPU
		Release|Any CPU = Release|Any CPU
	EndGlobalSection
	GlobalSection(ProjectConfigurationPlatforms) = postSolution
		{3163FF96-CD7C-46DF-AE3E-DC04FE3A0A73}.Debug|Any CPU.ActiveCfg = Debug|Any CPU
		{3163FF96-CD7C-46DF-AE3E-DC04FE3A0A73}.Debug|Any CPU.Build.0 = Debug|Any CPU
		{3163FF96-CD7C-46DF-AE3E-DC04FE3A0A73}.Release|Any CPU.ActiveCfg = Release|Any CPU
		{3163FF96-CD7C-46DF-AE3E-DC04FE3A0A73}.Release|Any CPU.Build.0 = Release|Any CPU
	EndGlobalSection
	GlobalSection(SolutionProperties) = preSolution
		HideSolutionNode = FALSE
	EndGlobalSection
	GlobalSection(ExtensibilityGlobals) = postSolution
		SolutionGuid = {A62AE3F6-7C97-4CF9-913F-3C41DDBE7D00}
	EndGlobalSection
EndGlobal
